dependencies:
  idf:
    source:
      type: idf
    version: 5.5.2
  jschwefel/esp-idf-ds3231:
    component_hash: ccc75c80386785c254a306585f3f02dd07ce3bd430b025cf3f96b7c954150be6
    dependencies:
    - name: idf
      require: private
      version: '>=5.0'
    source:
      registry_url: https://components.espressif.com/
      type: service
    version: 1.0.3
direct_dependencies:
- idf
- jschwefel/esp-idf-ds3231
manifest_hash: 95d0c49bc2d8ce0930c643f2102606830659e0514a52ded423bc15c0673b5dfc
target: esp32
version: 2.0.0
